
Microsoft Visual Studio Solution File, Format Version 12.00
# Visual Studio Version 17
VisualStudioVersion = 17.10.35013.160
MinimumVisualStudioVersion = 10.0.40219.1
Project("{FAE04EC0-301F-11D3-BF4B-00C04F79EFBC}") = "StructIndexerException.HomeWork", "StructIndexerException.HomeWork\StructIndexerException.HomeWork.csproj", "{A81AFD2B-E694-470E-8BD8-69763ECAFD4F}"
EndProject
Project("{FAE04EC0-301F-11D3-BF4B-00C04F79EFBC}") = "StructIndexerException.Lessons", "StructIndexerException.Lessons\StructIndexerException.Lessons.csproj", "{6F6CCAB8-7FE9-432E-B9D2-BA374E5D2D93}"
EndProject
Project("{FAE04EC0-301F-11D3-BF4B-00C04F79EFBC}") = "StructIndexerException.Library", "StructIndexerException.Library\StructIndexerException.Library.csproj", "{A5579B97-9A5A-40B3-8E0D-C3F79F38E5E4}"
EndProject
Global
	GlobalSection(SolutionConfigurationPlatforms) = preSolution
		Debug|Any CPU = Debug|Any CPU
		Release|Any CPU = Release|Any CPU
	EndGlobalSection
	GlobalSection(ProjectConfigurationPlatforms) = postSolution
		{A81AFD2B-E694-470E-8BD8-69763ECAFD4F}.Debug|Any CPU.ActiveCfg = Debug|Any CPU
		{A81AFD2B-E694-470E-8BD8-69763ECAFD4F}.Debug|Any CPU.Build.0 = Debug|Any CPU
		{A81AFD2B-E694-470E-8BD8-69763ECAFD4F}.Release|Any CPU.ActiveCfg = Release|Any CPU
		{A81AFD2B-E694-470E-8BD8-69763ECAFD4F}.Release|Any CPU.Build.0 = Release|Any CPU
		{6F6CCAB8-7FE9-432E-B9D2-BA374E5D2D93}.Debug|Any CPU.ActiveCfg = Debug|Any CPU
		{6F6CCAB8-7FE9-432E-B9D2-BA374E5D2D93}.Debug|Any CPU.Build.0 = Debug|Any CPU
		{6F6CCAB8-7FE9-432E-B9D2-BA374E5D2D93}.Release|Any CPU.ActiveCfg = Release|Any CPU
		{6F6CCAB8-7FE9-432E-B9D2-BA374E5D2D93}.Release|Any CPU.Build.0 = Release|Any CPU
		{A5579B97-9A5A-40B3-8E0D-C3F79F38E5E4}.Debug|Any CPU.ActiveCfg = Debug|Any CPU
		{A5579B97-9A5A-40B3-8E0D-C3F79F38E5E4}.Debug|Any CPU.Build.0 = Debug|Any CPU
		{A5579B97-9A5A-40B3-8E0D-C3F79F38E5E4}.Release|Any CPU.ActiveCfg = Release|Any CPU
		{A5579B97-9A5A-40B3-8E0D-C3F79F38E5E4}.Release|Any CPU.Build.0 = Release|Any CPU
	EndGlobalSection
	GlobalSection(SolutionProperties) = preSolution
		HideSolutionNode = FALSE
	EndGlobalSection
	GlobalSection(ExtensibilityGlobals) = postSolution
		SolutionGuid = {2A388A12-7B71-4424-AA30-67CE95F54968}
	EndGlobalSection
EndGlobal
