
Microsoft Visual Studio Solution File, Format Version 12.00
# Visual Studio Version 17
VisualStudioVersion = 17.10.35013.160
MinimumVisualStudioVersion = 10.0.40219.1
Project("{FAE04EC0-301F-11D3-BF4B-00C04F79EFBC}") = "CollectionsReflectionFile.Lesson", "CollectionsReflectionFile.Lesson\CollectionsReflectionFile.Lesson.csproj", "{837D8CAD-57EE-4028-B609-9CA91FC64ACD}"
EndProject
Global
	GlobalSection(SolutionConfigurationPlatforms) = preSolution
		Debug|Any CPU = Debug|Any CPU
		Release|Any CPU = Release|Any CPU
	EndGlobalSection
	GlobalSection(ProjectConfigurationPlatforms) = postSolution
		{837D8CAD-57EE-4028-B609-9CA91FC64ACD}.Debug|Any CPU.ActiveCfg = Debug|Any CPU
		{837D8CAD-57EE-4028-B609-9CA91FC64ACD}.Debug|Any CPU.Build.0 = Debug|Any CPU
		{837D8CAD-57EE-4028-B609-9CA91FC64ACD}.Release|Any CPU.ActiveCfg = Release|Any CPU
		{837D8CAD-57EE-4028-B609-9CA91FC64ACD}.Release|Any CPU.Build.0 = Release|Any CPU
	EndGlobalSection
	GlobalSection(SolutionProperties) = preSolution
		HideSolutionNode = FALSE
	EndGlobalSection
	GlobalSection(ExtensibilityGlobals) = postSolution
		SolutionGuid = {C7135D99-427A-46BF-B07B-4255437823BE}
	EndGlobalSection
EndGlobal
