
Microsoft Visual Studio Solution File, Format Version 12.00
# Visual Studio Version 17
VisualStudioVersion = 17.10.35013.160
MinimumVisualStudioVersion = 10.0.40219.1
Project("{FAE04EC0-301F-11D3-BF4B-00C04F79EFBC}") = "MethodPractice.Homework", "MethodPractice.Homework\MethodPractice.Homework.csproj", "{BCB61341-C9E0-4E34-9C37-DFF4666EE134}"
EndProject
Project("{FAE04EC0-301F-11D3-BF4B-00C04F79EFBC}") = "MethodPractice.Methods", "MethodPractice.Methods\MethodPractice.Methods.csproj", "{6157E758-771E-491C-8DFB-9C9D8376396E}"
EndProject
Global
	GlobalSection(SolutionConfigurationPlatforms) = preSolution
		Debug|Any CPU = Debug|Any CPU
		Release|Any CPU = Release|Any CPU
	EndGlobalSection
	GlobalSection(ProjectConfigurationPlatforms) = postSolution
		{BCB61341-C9E0-4E34-9C37-DFF4666EE134}.Debug|Any CPU.ActiveCfg = Debug|Any CPU
		{BCB61341-C9E0-4E34-9C37-DFF4666EE134}.Debug|Any CPU.Build.0 = Debug|Any CPU
		{BCB61341-C9E0-4E34-9C37-DFF4666EE134}.Release|Any CPU.ActiveCfg = Release|Any CPU
		{BCB61341-C9E0-4E34-9C37-DFF4666EE134}.Release|Any CPU.Build.0 = Release|Any CPU
		{6157E758-771E-491C-8DFB-9C9D8376396E}.Debug|Any CPU.ActiveCfg = Debug|Any CPU
		{6157E758-771E-491C-8DFB-9C9D8376396E}.Debug|Any CPU.Build.0 = Debug|Any CPU
		{6157E758-771E-491C-8DFB-9C9D8376396E}.Release|Any CPU.ActiveCfg = Release|Any CPU
		{6157E758-771E-491C-8DFB-9C9D8376396E}.Release|Any CPU.Build.0 = Release|Any CPU
	EndGlobalSection
	GlobalSection(SolutionProperties) = preSolution
		HideSolutionNode = FALSE
	EndGlobalSection
	GlobalSection(ExtensibilityGlobals) = postSolution
		SolutionGuid = {5A649792-2B18-4284-BE0B-C4EE52B0E8B5}
	EndGlobalSection
EndGlobal
