
Microsoft Visual Studio Solution File, Format Version 12.00
# Visual Studio Version 17
VisualStudioVersion = 17.10.35013.160
MinimumVisualStudioVersion = 10.0.40219.1
Project("{FAE04EC0-301F-11D3-BF4B-00C04F79EFBC}") = "AccessModifiers.HomeWork", "AccessModifiers.HomeWork\AccessModifiers.HomeWork.csproj", "{A7C71087-8DB7-4288-B8CF-C4DE934C9ECD}"
EndProject
Project("{FAE04EC0-301F-11D3-BF4B-00C04F79EFBC}") = "AccessModifiers.Practice", "AccessModifiers.Practice\AccessModifiers.Practice.csproj", "{04A7F319-84BB-47C8-B063-36AA4F12AD33}"
EndProject
Project("{FAE04EC0-301F-11D3-BF4B-00C04F79EFBC}") = "AccessModifiers.Notification", "AccessModifiers.Notification\AccessModifiers.Notification.csproj", "{494B77FD-3367-486E-BAA3-6EADB2630C76}"
EndProject
Global
	GlobalSection(SolutionConfigurationPlatforms) = preSolution
		Debug|Any CPU = Debug|Any CPU
		Release|Any CPU = Release|Any CPU
	EndGlobalSection
	GlobalSection(ProjectConfigurationPlatforms) = postSolution
		{A7C71087-8DB7-4288-B8CF-C4DE934C9ECD}.Debug|Any CPU.ActiveCfg = Debug|Any CPU
		{A7C71087-8DB7-4288-B8CF-C4DE934C9ECD}.Debug|Any CPU.Build.0 = Debug|Any CPU
		{A7C71087-8DB7-4288-B8CF-C4DE934C9ECD}.Release|Any CPU.ActiveCfg = Release|Any CPU
		{A7C71087-8DB7-4288-B8CF-C4DE934C9ECD}.Release|Any CPU.Build.0 = Release|Any CPU
		{04A7F319-84BB-47C8-B063-36AA4F12AD33}.Debug|Any CPU.ActiveCfg = Debug|Any CPU
		{04A7F319-84BB-47C8-B063-36AA4F12AD33}.Debug|Any CPU.Build.0 = Debug|Any CPU
		{04A7F319-84BB-47C8-B063-36AA4F12AD33}.Release|Any CPU.ActiveCfg = Release|Any CPU
		{04A7F319-84BB-47C8-B063-36AA4F12AD33}.Release|Any CPU.Build.0 = Release|Any CPU
		{494B77FD-3367-486E-BAA3-6EADB2630C76}.Debug|Any CPU.ActiveCfg = Debug|Any CPU
		{494B77FD-3367-486E-BAA3-6EADB2630C76}.Debug|Any CPU.Build.0 = Debug|Any CPU
		{494B77FD-3367-486E-BAA3-6EADB2630C76}.Release|Any CPU.ActiveCfg = Release|Any CPU
		{494B77FD-3367-486E-BAA3-6EADB2630C76}.Release|Any CPU.Build.0 = Release|Any CPU
	EndGlobalSection
	GlobalSection(SolutionProperties) = preSolution
		HideSolutionNode = FALSE
	EndGlobalSection
	GlobalSection(ExtensibilityGlobals) = postSolution
		SolutionGuid = {F7E8AAA5-BFE3-4B21-85BC-982995450767}
	EndGlobalSection
EndGlobal
